{
  "name": "test",
  "version": "1.0.0",
  "lockfileVersion": 3,
  "requires": true,
  "packages": {
    "": {
      "name": "test",
      "version": "1.0.0",
      "license": "ISC",
      "dependencies": {
        "error-editor": "file:.."
      }
    },
    "..": {
      "name": "error-editor",
      "version": "1.1.0",
      "license": "ISC",
      "engines": {
        "node": "<=18"
      }
    },
    "node_modules/error-editor": {
      "resolved": "..",
      "link": true
    }
  }
}
